
Microsoft Visual Studio Solution File, Format Version 12.00
# Visual Studio Version 17
VisualStudioVersion = 17.5.33414.496
MinimumVisualStudioVersion = 10.0.40219.1
Project("{FAE04EC0-301F-11D3-BF4B-00C04F79EFBC}") = "28.02.2023", "28.02.2023\28.02.2023.csproj", "{98FF3325-BC5F-4668-AC9F-6F8D67A4745E}"
EndProject
Global
	GlobalSection(SolutionConfigurationPlatforms) = preSolution
		Debug|Any CPU = Debug|Any CPU
		Release|Any CPU = Release|Any CPU
	EndGlobalSection
	GlobalSection(ProjectConfigurationPlatforms) = postSolution
		{98FF3325-BC5F-4668-AC9F-6F8D67A4745E}.Debug|Any CPU.ActiveCfg = Debug|Any CPU
		{98FF3325-BC5F-4668-AC9F-6F8D67A4745E}.Debug|Any CPU.Build.0 = Debug|Any CPU
		{98FF3325-BC5F-4668-AC9F-6F8D67A4745E}.Release|Any CPU.ActiveCfg = Release|Any CPU
		{98FF3325-BC5F-4668-AC9F-6F8D67A4745E}.Release|Any CPU.Build.0 = Release|Any CPU
	EndGlobalSection
	GlobalSection(SolutionProperties) = preSolution
		HideSolutionNode = FALSE
	EndGlobalSection
	GlobalSection(ExtensibilityGlobals) = postSolution
		SolutionGuid = {D3AF67D5-AB11-466A-A349-7825D5D2C240}
	EndGlobalSection
EndGlobal
